PODS:
  - CTMediator (25)
  - gengTest (0.7.0):
    - CTMediator

DEPENDENCIES:
  - gengTest (from `../`)

SPEC REPOS:
  https://github.com/cocoapods/specs.git:
    - CTMediator

EXTERNAL SOURCES:
  gengTest:
    :path: "../"

SPEC CHECKSUMS:
  CTMediator: 830c1fc204b3a6abf2a059510c7380f56343da0f
  gengTest: 79a7a7e6afa745a91665919789fae994e1e256fe

PODFILE CHECKSUM: 820403a568920cd169a2e5a28a9d5535de1c597c

COCOAPODS: 1.5.3
